
Microsoft Visual Studio Solution File, Format Version 12.00
# Visual Studio Version 17
VisualStudioVersion = 17.5.33424.131
MinimumVisualStudioVersion = 10.0.40219.1
Project("{9A19103F-16F7-4668-BE54-9A1E7A4F7556}") = "Game(console)", "Game(console).csproj", "{DA1CED00-9937-44FE-906A-14F5E1740710}"
EndProject
Project("{9A19103F-16F7-4668-BE54-9A1E7A4F7556}") = "Character", "..\Character\Character.csproj", "{1ED600DD-8A2D-4604-80A5-2D25B46EA86A}"
EndProject
Project("{FAE04EC0-301F-11D3-BF4B-00C04F79EFBC}") = "Movement", "..\Movement\Movement.csproj", "{D3500C6A-F371-4382-B0A1-8EE906CA247A}"
EndProject
Global
	GlobalSection(SolutionConfigurationPlatforms) = preSolution
		Debug|Any CPU = Debug|Any CPU
		Release|Any CPU = Release|Any CPU
	EndGlobalSection
	GlobalSection(ProjectConfigurationPlatforms) = postSolution
		{DA1CED00-9937-44FE-906A-14F5E1740710}.Debug|Any CPU.ActiveCfg = Debug|Any CPU
		{DA1CED00-9937-44FE-906A-14F5E1740710}.Debug|Any CPU.Build.0 = Debug|Any CPU
		{DA1CED00-9937-44FE-906A-14F5E1740710}.Release|Any CPU.ActiveCfg = Release|Any CPU
		{DA1CED00-9937-44FE-906A-14F5E1740710}.Release|Any CPU.Build.0 = Release|Any CPU
		{1ED600DD-8A2D-4604-80A5-2D25B46EA86A}.Debug|Any CPU.ActiveCfg = Debug|Any CPU
		{1ED600DD-8A2D-4604-80A5-2D25B46EA86A}.Debug|Any CPU.Build.0 = Debug|Any CPU
		{1ED600DD-8A2D-4604-80A5-2D25B46EA86A}.Release|Any CPU.ActiveCfg = Release|Any CPU
		{1ED600DD-8A2D-4604-80A5-2D25B46EA86A}.Release|Any CPU.Build.0 = Release|Any CPU
		{D3500C6A-F371-4382-B0A1-8EE906CA247A}.Debug|Any CPU.ActiveCfg = Debug|Any CPU
		{D3500C6A-F371-4382-B0A1-8EE906CA247A}.Debug|Any CPU.Build.0 = Debug|Any CPU
		{D3500C6A-F371-4382-B0A1-8EE906CA247A}.Release|Any CPU.ActiveCfg = Release|Any CPU
		{D3500C6A-F371-4382-B0A1-8EE906CA247A}.Release|Any CPU.Build.0 = Release|Any CPU
	EndGlobalSection
	GlobalSection(SolutionProperties) = preSolution
		HideSolutionNode = FALSE
	EndGlobalSection
	GlobalSection(ExtensibilityGlobals) = postSolution
		SolutionGuid = {7B15A8F2-3DC1-428E-9950-DCF60D0BCD2D}
	EndGlobalSection
EndGlobal
